// !$*UTF8*$!
{
	archiveVersion = 1;
	classes = {
	};
	objectVersion = 50;
	objects = {

/* Begin PBXBuildFile section */
		E3F402D421A6472A007D4DA9 /* AppDelegate.swift in Sources */ = {isa = PBXBuildFile; fileRef = E3F402D321A6472A007D4DA9 /* AppDelegate.swift */; };
		E3F402D621A6472A007D4DA9 /* ViewController.swift in Sources */ = {isa = PBXBuildFile; fileRef = E3F402D521A6472A007D4DA9 /* ViewController.swift */; };
		E3F402D921A6472A007D4DA9 /* Main.storyboard in Resources */ = {isa = PBXBuildFile; fileRef = E3F402D721A6472A007D4DA9 /* Main.storyboard */; };
		E3F402DB21A64730007D4DA9 /* Assets.xcassets in Resources */ = {isa = PBXBuildFile; fileRef = E3F402DA21A64730007D4DA9 /* Assets.xcassets */; };
		E3F402DE21A64730007D4DA9 /* LaunchScreen.storyboard in Resources */ = {isa = PBXBuildFile; fileRef = E3F402DC21A64730007D4DA9 /* LaunchScreen.storyboard */; };
		E3F402E921A64730007D4DA9 /* NativeAssessmentMobileTests.swift in Sources */ = {isa = PBXBuildFile; fileRef = E3F402E821A64730007D4DA9 /* NativeAssessmentMobileTests.swift */; };
		E3F402F421A64BD6007D4DA9 /* TableViewController.swift in Sources */ = {isa = PBXBuildFile; fileRef = E3F402F321A64BD6007D4DA9 /* TableViewController.swift */; };
		E3F402F821A65AF7007D4DA9 /* NetworkServices.swift in Sources */ = {isa = PBXBuildFile; fileRef = E3F402F721A65AF7007D4DA9 /* NetworkServices.swift */; };
		E3F402FA21A65C5A007D4DA9 /* DataModel.swift in Sources */ = {isa = PBXBuildFile; fileRef = E3F402F921A65C5A007D4DA9 /* DataModel.swift */; };
		E3F402FC21A65D0A007D4DA9 /* CustomTableViewCell.swift in Sources */ = {isa = PBXBuildFile; fileRef = E3F402FB21A65D0A007D4DA9 /* CustomTableViewCell.swift */; };
/* End PBXBuildFile section */

/* Begin PBXContainerItemProxy section */
		E3F402E521A64730007D4DA9 /* PBXContainerItemProxy */ = {
			isa = PBXContainerItemProxy;
			containerPortal = E3F402C821A6472A007D4DA9 /* Project object */;
			proxyType = 1;
			remoteGlobalIDString = E3F402CF21A6472A007D4DA9;
			remoteInfo = NativeAssessmentMobile;
		};
/* End PBXContainerItemProxy section */

/* Begin PBXFileReference section */
		E3F402D021A6472A007D4DA9 /* NativeAssessmentMobile.app */ = {isa = PBXFileReference; explicitFileType = wrapper.application; includeInIndex = 0; path = NativeAssessmentMobile.app; sourceTree = BUILT_PRODUCTS_DIR; };
		E3F402D321A6472A007D4DA9 /* AppDelegate.swift */ = {isa = PBXFileReference; lastKnownFileType = sourcecode.swift; path = AppDelegate.swift; sourceTree = "<group>"; };
		E3F402D521A6472A007D4DA9 /* ViewController.swift */ = {isa = PBXFileReference; lastKnownFileType = sourcecode.swift; path = ViewController.swift; sourceTree = "<group>"; };
		E3F402D821A6472A007D4DA9 /* Base */ = {isa = PBXFileReference; lastKnownFileType = file.storyboard; name = Base; path = Base.lproj/Main.storyboard; sourceTree = "<group>"; };
		E3F402DA21A64730007D4DA9 /* Assets.xcassets */ = {isa = PBXFileReference; lastKnownFileType = folder.assetcatalog; path = Assets.xcassets; sourceTree = "<group>"; };
		E3F402DD21A64730007D4DA9 /* Base */ = {isa = PBXFileReference; lastKnownFileType = file.storyboard; name = Base; path = Base.lproj/LaunchScreen.storyboard; sourceTree = "<group>"; };
		E3F402DF21A64730007D4DA9 /* Info.plist */ = {isa = PBXFileReference; lastKnownFileType = text.plist.xml; path = Info.plist; sourceTree = "<group>"; };
		E3F402E421A64730007D4DA9 /* NativeAssessmentMobileTests.xctest */ = {isa = PBXFileReference; explicitFileType = wrapper.cfbundle; includeInIndex = 0; path = NativeAssessmentMobileTests.xctest; sourceTree = BUILT_PRODUCTS_DIR; };
		E3F402E821A64730007D4DA9 /* NativeAssessmentMobileTests.swift */ = {isa = PBXFileReference; lastKnownFileType = sourcecode.swift; path = NativeAssessmentMobileTests.swift; sourceTree = "<group>"; };
		E3F402EA21A64730007D4DA9 /* Info.plist */ = {isa = PBXFileReference; lastKnownFileType = text.plist.xml; path = Info.plist; sourceTree = "<group>"; };
		E3F402F321A64BD6007D4DA9 /* TableViewController.swift */ = {isa = PBXFileReference; lastKnownFileType = sourcecode.swift; path = TableViewController.swift; sourceTree = "<group>"; };
		E3F402F721A65AF7007D4DA9 /* NetworkServices.swift */ = {isa = PBXFileReference; lastKnownFileType = sourcecode.swift; path = NetworkServices.swift; sourceTree = "<group>"; };
		E3F402F921A65C5A007D4DA9 /* DataModel.swift */ = {isa = PBXFileReference; lastKnownFileType = sourcecode.swift; path = DataModel.swift; sourceTree = "<group>"; };
		E3F402FB21A65D0A007D4DA9 /* CustomTableViewCell.swift */ = {isa = PBXFileReference; lastKnownFileType = sourcecode.swift; path = CustomTableViewCell.swift; sourceTree = "<group>"; };
/* End PBXFileReference section */

/* Begin PBXFrameworksBuildPhase section */
		E3F402CD21A6472A007D4DA9 /* Frameworks */ = {
			isa = PBXFrameworksBuildPhase;
			buildActionMask = 2147483647;
			files = (
			);
			runOnlyForDeploymentPostprocessing = 0;
		};
		E3F402E121A64730007D4DA9 /* Frameworks */ = {
			isa = PBXFrameworksBuildPhase;
			buildActionMask = 2147483647;
			files = (
			);
			runOnlyForDeploymentPostprocessing = 0;
		};
/* End PBXFrameworksBuildPhase section */

/* Begin PBXGroup section */
		A39929FE21A699DD00CDF3EE /* Model */ = {
			isa = PBXGroup;
			children = (
				E3F402F921A65C5A007D4DA9 /* DataModel.swift */,
			);
			path = Model;
			sourceTree = "<group>";
		};
		A39929FF21A699E400CDF3EE /* View */ = {
			isa = PBXGroup;
			children = (
				E3F402FB21A65D0A007D4DA9 /* CustomTableViewCell.swift */,
			);
			path = View;
			sourceTree = "<group>";
		};
		A3992A0021A699F600CDF3EE /* Controller */ = {
			isa = PBXGroup;
			children = (
				E3F402F721A65AF7007D4DA9 /* NetworkServices.swift */,
				E3F402F321A64BD6007D4DA9 /* TableViewController.swift */,
				E3F402D521A6472A007D4DA9 /* ViewController.swift */,
			);
			path = Controller;
			sourceTree = "<group>";
		};
		E3F402C721A6472A007D4DA9 = {
			isa = PBXGroup;
			children = (
				E3F402D221A6472A007D4DA9 /* NativeAssessmentMobile */,
				E3F402E721A64730007D4DA9 /* NativeAssessmentMobileTests */,
				E3F402D121A6472A007D4DA9 /* Products */,
			);
			sourceTree = "<group>";
		};
		E3F402D121A6472A007D4DA9 /* Products */ = {
			isa = PBXGroup;
			children = (
				E3F402D021A6472A007D4DA9 /* NativeAssessmentMobile.app */,
				E3F402E421A64730007D4DA9 /* NativeAssessmentMobileTests.xctest */,
			);
			name = Products;
			sourceTree = "<group>";
		};
		E3F402D221A6472A007D4DA9 /* NativeAssessmentMobile */ = {
			isa = PBXGroup;
			children = (
				A3992A0021A699F600CDF3EE /* Controller */,
				A39929FF21A699E400CDF3EE /* View */,
				A39929FE21A699DD00CDF3EE /* Model */,
				E3F402D321A6472A007D4DA9 /* AppDelegate.swift */,
				E3F402D721A6472A007D4DA9 /* Main.storyboard */,
				E3F402DA21A64730007D4DA9 /* Assets.xcassets */,
				E3F402DC21A64730007D4DA9 /* LaunchScreen.storyboard */,
				E3F402DF21A64730007D4DA9 /* Info.plist */,
			);
			path = NativeAssessmentMobile;
			sourceTree = "<group>";
		};
		E3F402E721A64730007D4DA9 /* NativeAssessmentMobileTests */ = {
			isa = PBXGroup;
			children = (
				E3F402E821A64730007D4DA9 /* NativeAssessmentMobileTests.swift */,
				E3F402EA21A64730007D4DA9 /* Info.plist */,
			);
			path = NativeAssessmentMobileTests;
			sourceTree = "<group>";
		};
/* End PBXGroup section */

/* Begin PBXNativeTarget section */
		E3F402CF21A6472A007D4DA9 /* NativeAssessmentMobile */ = {
			isa = PBXNativeTarget;
			buildConfigurationList = E3F402ED21A64730007D4DA9 /* Build configuration list for PBXNativeTarget "NativeAssessmentMobile" */;
			buildPhases = (
				E3F402CC21A6472A007D4DA9 /* Sources */,
				E3F402CD21A6472A007D4DA9 /* Frameworks */,
				E3F402CE21A6472A007D4DA9 /* Resources */,
			);
			buildRules = (
			);
			dependencies = (
			);
			name = NativeAssessmentMobile;
			productName = NativeAssessmentMobile;
			productReference = E3F402D021A6472A007D4DA9 /* NativeAssessmentMobile.app */;
			productType = "com.apple.product-type.application";
		};
		E3F402E321A64730007D4DA9 /* NativeAssessmentMobileTests */ = {
			isa = PBXNativeTarget;
			buildConfigurationList = E3F402F021A64730007D4DA9 /* Build configuration list for PBXNativeTarget "NativeAssessmentMobileTests" */;
			buildPhases = (
				E3F402E021A64730007D4DA9 /* Sources */,
				E3F402E121A64730007D4DA9 /* Frameworks */,
				E3F402E221A64730007D4DA9 /* Resources */,
			);
			buildRules = (
			);
			dependencies = (
				E3F402E621A64730007D4DA9 /* PBXTargetDependency */,
			);
			name = NativeAssessmentMobileTests;
			productName = NativeAssessmentMobileTests;
			productReference = E3F402E421A64730007D4DA9 /* NativeAssessmentMobileTests.xctest */;
			productType = "com.apple.product-type.bundle.unit-test";
		};
/* End PBXNativeTarget section */

/* Begin PBXProject section */
		E3F402C821A6472A007D4DA9 /* Project object */ = {
			isa = PBXProject;
			attributes = {
				LastSwiftUpdateCheck = 0940;
				LastUpgradeCheck = 0940;
				ORGANIZATIONNAME = "KAMAL KUMAR BEHERA";
				TargetAttributes = {
					E3F402CF21A6472A007D4DA9 = {
						CreatedOnToolsVersion = 9.4.1;
					};
					E3F402E321A64730007D4DA9 = {
						CreatedOnToolsVersion = 9.4.1;
						TestTargetID = E3F402CF21A6472A007D4DA9;
					};
				};
			};
			buildConfigurationList = E3F402CB21A6472A007D4DA9 /* Build configuration list for PBXProject "NativeAssessmentMobile" */;
			compatibilityVersion = "Xcode 9.3";
			developmentRegion = en;
			hasScannedForEncodings = 0;
			knownRegions = (
				en,
				Base,
			);
			mainGroup = E3F402C721A6472A007D4DA9;
			productRefGroup = E3F402D121A6472A007D4DA9 /* Products */;
			projectDirPath = "";
			projectRoot = "";
			targets = (
				E3F402CF21A6472A007D4DA9 /* NativeAssessmentMobile */,
				E3F402E321A64730007D4DA9 /* NativeAssessmentMobileTests */,
			);
		};
/* End PBXProject section */

/* Begin PBXResourcesBuildPhase section */
		E3F402CE21A6472A007D4DA9 /* Resources */ = {
			isa = PBXResourcesBuildPhase;
			buildActionMask = 2147483647;
			files = (
				E3F402DE21A64730007D4DA9 /* LaunchScreen.storyboard in Resources */,
				E3F402DB21A64730007D4DA9 /* Assets.xcassets in Resources */,
				E3F402D921A6472A007D4DA9 /* Main.storyboard in Resources */,
			);
			runOnlyForDeploymentPostprocessing = 0;
		};
		E3F402E221A64730007D4DA9 /* Resources */ = {
			isa = PBXResourcesBuildPhase;
			buildActionMask = 2147483647;
			files = (
			);
			runOnlyForDeploymentPostprocessing = 0;
		};
/* End PBXResourcesBuildPhase section */

/* Begin PBXSourcesBuildPhase section */
		E3F402CC21A6472A007D4DA9 /* Sources */ = {
			isa = PBXSourcesBuildPhase;
			buildActionMask = 2147483647;
			files = (
				E3F402FC21A65D0A007D4DA9 /* CustomTableViewCell.swift in Sources */,
				E3F402FA21A65C5A007D4DA9 /* DataModel.swift in Sources */,
				E3F402D621A6472A007D4DA9 /* ViewController.swift in Sources */,
				E3F402F421A64BD6007D4DA9 /* TableViewController.swift in Sources */,
				E3F402F821A65AF7007D4DA9 /* NetworkServices.swift in Sources */,
				E3F402D421A6472A007D4DA9 /* AppDelegate.swift in Sources */,
			);
			runOnlyForDeploymentPostprocessing = 0;
		};
		E3F402E021A64730007D4DA9 /* Sources */ = {
			isa = PBXSourcesBuildPhase;
			buildActionMask = 2147483647;
			files = (
				E3F402E921A64730007D4DA9 /* NativeAssessmentMobileTests.swift in Sources */,
			);
			runOnlyForDeploymentPostprocessing = 0;
		};
/* End PBXSourcesBuildPhase section */

/* Begin PBXTargetDependency section */
		E3F402E621A64730007D4DA9 /* PBXTargetDependency */ = {
			isa = PBXTargetDependency;
			target = E3F402CF21A6472A007D4DA9 /* NativeAssessmentMobile */;
			targetProxy = E3F402E521A64730007D4DA9 /* PBXContainerItemProxy */;
		};
/* End PBXTargetDependency section */

/* Begin PBXVariantGroup section */
		E3F402D721A6472A007D4DA9 /* Main.storyboard */ = {
			isa = PBXVariantGroup;
			children = (
				E3F402D821A6472A007D4DA9 /* Base */,
			);
			name = Main.storyboard;
			sourceTree = "<group>";
		};
		E3F402DC21A64730007D4DA9 /* LaunchScreen.storyboard */ = {
			isa = PBXVariantGroup;
			children = (
				E3F402DD21A64730007D4DA9 /* Base */,
			);
			name = LaunchScreen.storyboard;
			sourceTree = "<group>";
		};
/* End PBXVariantGroup section */

/* Begin XCBuildConfiguration section */
		E3F402EB21A64730007D4DA9 /* Debug */ = {
			isa = XCBuildConfiguration;
			buildSettings = {
				ALWAYS_SEARCH_USER_PATHS = NO;
				CLANG_ANALYZER_NONNULL = YES;
				CLANG_ANALYZER_NUMBER_OBJECT_CONVERSION = YES_AGGRESSIVE;
				CLANG_CXX_LANGUAGE_STANDARD = "gnu++14";
				CLANG_CXX_LIBRARY = "libc++";
				CLANG_ENABLE_MODULES = YES;
				CLANG_ENABLE_OBJC_ARC = YES;
				CLANG_ENABLE_OBJC_WEAK = YES;
				CLANG_WARN_BLOCK_CAPTURE_AUTORELEASING = YES;
				CLANG_WARN_BOOL_CONVERSION = YES;
				CLANG_WARN_COMMA = YES;
				CLANG_WARN_CONSTANT_CONVERSION = YES;
				CLANG_WARN_DEPRECATED_OBJC_IMPLEMENTATIONS = YES;
				CLANG_WARN_DIRECT_OBJC_ISA_USAGE = YES_ERROR;
				CLANG_WARN_DOCUMENTATION_COMMENTS = YES;
				CLANG_WARN_EMPTY_BODY = YES;
				CLANG_WARN_ENUM_CONVERSION = YES;
				CLANG_WARN_INFINITE_RECURSION = YES;
				CLANG_WARN_INT_CONVERSION = YES;
				CLANG_WARN_NON_LITERAL_NULL_CONVERSION = YES;
				CLANG_WARN_OBJC_IMPLICIT_RETAIN_SELF = YES;
				CLANG_WARN_OBJC_LITERAL_CONVERSION = YES;
				CLANG_WARN_OBJC_ROOT_CLASS = YES_ERROR;
				CLANG_WARN_RANGE_LOOP_ANALYSIS = YES;
				CLANG_WARN_STRICT_PROTOTYPES = YES;
				CLANG_WARN_SUSPICIOUS_MOVE = YES;
				CLANG_WARN_UNGUARDED_AVAILABILITY = YES_AGGRESSIVE;
				CLANG_WARN_UNREACHABLE_CODE = YES;
				CLANG_WARN__DUPLICATE_METHOD_MATCH = YES;
				CODE_SIGN_IDENTITY = "iPhone Developer";
				COPY_PHASE_STRIP = NO;
				DEBUG_INFORMATION_FORMAT = dwarf;
				ENABLE_STRICT_OBJC_MSGSEND = YES;
				ENABLE_TESTABILITY = YES;
				GCC_C_LANGUAGE_STANDARD = gnu11;
				GCC_DYNAMIC_NO_PIC = NO;
				GCC_NO_COMMON_BLOCKS = YES;
				GCC_OPTIMIZATION_LEVEL = 0;
				GCC_PREPROCESSOR_DEFINITIONS = (
					"DEBUG=1",
					"$(inherited)",
				);
				GCC_WARN_64_TO_32_BIT_CONVERSION = YES;
				GCC_WARN_ABOUT_RETURN_TYPE = YES_ERROR;
				GCC_WARN_UNDECLARED_SELECTOR = YES;
				GCC_WARN_UNINITIALIZED_AUTOS = YES_AGGRESSIVE;
				GCC_WARN_UNUSED_FUNCTION = YES;
				GCC_WARN_UNUSED_VARIABLE = YES;
				IPHONEOS_DEPLOYMENT_TARGET = 11.4;
				MTL_ENABLE_DEBUG_INFO = YES;
				ONLY_ACTIVE_ARCH = YES;
				SDKROOT = iphoneos;
				SWIFT_ACTIVE_COMPILATION_CONDITIONS = DEBUG;
				SWIFT_OPTIMIZATION_LEVEL = "-Onone";
			};
			name = Debug;
		};
		E3F402EC21A64730007D4DA9 /* Release */ = {
			isa = XCBuildConfiguration;
			buildSettings = {
				ALWAYS_SEARCH_USER_PATHS = NO;
				CLANG_ANALYZER_NONNULL = YES;
				CLANG_ANALYZER_NUMBER_OBJECT_CONVERSION = YES_AGGRESSIVE;
				CLANG_CXX_LANGUAGE_STANDARD = "gnu++14";
				CLANG_CXX_LIBRARY = "libc++";
				CLANG_ENABLE_MODULES = YES;
				CLANG_ENABLE_OBJC_ARC = YES;
				CLANG_ENABLE_OBJC_WEAK = YES;
				CLANG_WARN_BLOCK_CAPTURE_AUTORELEASING = YES;
				CLANG_WARN_BOOL_CONVERSION = YES;
				CLANG_WARN_COMMA = YES;
				CLANG_WARN_CONSTANT_CONVERSION = YES;
				CLANG_WARN_DEPRECATED_OBJC_IMPLEMENTATIONS = YES;
				CLANG_WARN_DIRECT_OBJC_ISA_USAGE = YES_ERROR;
				CLANG_WARN_DOCUMENTATION_COMMENTS = YES;
				CLANG_WARN_EMPTY_BODY = YES;
				CLANG_WARN_ENUM_CONVERSION = YES;
				CLANG_WARN_INFINITE_RECURSION = YES;
				CLANG_WARN_INT_CONVERSION = YES;
				CLANG_WARN_NON_LITERAL_NULL_CONVERSION = YES;
				CLANG_WARN_OBJC_IMPLICIT_RETAIN_SELF = YES;
				CLANG_WARN_OBJC_LITERAL_CONVERSION = YES;
				CLANG_WARN_OBJC_ROOT_CLASS = YES_ERROR;
				CLANG_WARN_RANGE_LOOP_ANALYSIS = YES;
				CLANG_WARN_STRICT_PROTOTYPES = YES;
				CLANG_WARN_SUSPICIOUS_MOVE = YES;
				CLANG_WARN_UNGUARDED_AVAILABILITY = YES_AGGRESSIVE;
				CLANG_WARN_UNREACHABLE_CODE = YES;
				CLANG_WARN__DUPLICATE_METHOD_MATCH = YES;
				CODE_SIGN_IDENTITY = "iPhone Developer";
				COPY_PHASE_STRIP = NO;
				DEBUG_INFORMATION_FORMAT = "dwarf-with-dsym";
				ENABLE_NS_ASSERTIONS = NO;
				ENABLE_STRICT_OBJC_MSGSEND = YES;
				GCC_C_LANGUAGE_STANDARD = gnu11;
				GCC_NO_COMMON_BLOCKS = YES;
				GCC_WARN_64_TO_32_BIT_CONVERSION = YES;
				GCC_WARN_ABOUT_RETURN_TYPE = YES_ERROR;
				GCC_WARN_UNDECLARED_SELECTOR = YES;
				GCC_WARN_UNINITIALIZED_AUTOS = YES_AGGRESSIVE;
				GCC_WARN_UNUSED_FUNCTION = YES;
				GCC_WARN_UNUSED_VARIABLE = YES;
				IPHONEOS_DEPLOYMENT_TARGET = 11.4;
				MTL_ENABLE_DEBUG_INFO = NO;
				SDKROOT = iphoneos;
				SWIFT_COMPILATION_MODE = wholemodule;
				SWIFT_OPTIMIZATION_LEVEL = "-O";
				VALIDATE_PRODUCT = YES;
			};
			name = Release;
		};
		E3F402EE21A64730007D4DA9 /* Debug */ = {
			isa = XCBuildConfiguration;
			buildSettings = {
				ASSETCATALOG_COMPILER_APPICON_NAME = AppIcon;
				CODE_SIGN_STYLE = Automatic;
				DEVELOPMENT_TEAM = KBMS999ZL9;
				INFOPLIST_FILE = NativeAssessmentMobile/Info.plist;
				LD_RUNPATH_SEARCH_PATHS = (
					"$(inherited)",
					"@executable_path/Frameworks",
				);
				PRODUCT_BUNDLE_IDENTIFIER = KAMAL.NativeAssessmentMobile;
				PRODUCT_NAME = "$(TARGET_NAME)";
				SWIFT_VERSION = 4.0;
				TARGETED_DEVICE_FAMILY = "1,2";
			};
			name = Debug;
		};
		E3F402EF21A64730007D4DA9 /* Release */ = {
			isa = XCBuildConfiguration;
			buildSettings = {
				ASSETCATALOG_COMPILER_APPICON_NAME = AppIcon;
				CODE_SIGN_STYLE = Automatic;
				DEVELOPMENT_TEAM = KBMS999ZL9;
				INFOPLIST_FILE = NativeAssessmentMobile/Info.plist;
				LD_RUNPATH_SEARCH_PATHS = (
					"$(inherited)",
					"@executable_path/Frameworks",
				);
				PRODUCT_BUNDLE_IDENTIFIER = KAMAL.NativeAssessmentMobile;
				PRODUCT_NAME = "$(TARGET_NAME)";
				SWIFT_VERSION = 4.0;
				TARGETED_DEVICE_FAMILY = "1,2";
			};
			name = Release;
		};
		E3F402F121A64730007D4DA9 /* Debug */ = {
			isa = XCBuildConfiguration;
			buildSettings = {
				ALWAYS_EMBED_SWIFT_STANDARD_LIBRARIES = YES;
				BUNDLE_LOADER = "$(TEST_HOST)";
				CODE_SIGN_STYLE = Automatic;
				DEVELOPMENT_TEAM = KBMS999ZL9;
				INFOPLIST_FILE = NativeAssessmentMobileTests/Info.plist;
				LD_RUNPATH_SEARCH_PATHS = (
					"$(inherited)",
					"@executable_path/Frameworks",
					"@loader_path/Frameworks",
				);
				PRODUCT_BUNDLE_IDENTIFIER = KAMAL.NativeAssessmentMobileTests;
				PRODUCT_NAME = "$(TARGET_NAME)";
				SWIFT_VERSION = 4.0;
				TARGETED_DEVICE_FAMILY = "1,2";
				TEST_HOST = "$(BUILT_PRODUCTS_DIR)/NativeAssessmentMobile.app/NativeAssessmentMobile";
			};
			name = Debug;
		};
		E3F402F221A64730007D4DA9 /* Release */ = {
			isa = XCBuildConfiguration;
			buildSettings = {
				ALWAYS_EMBED_SWIFT_STANDARD_LIBRARIES = YES;
				BUNDLE_LOADER = "$(TEST_HOST)";
				CODE_SIGN_STYLE = Automatic;
				DEVELOPMENT_TEAM = KBMS999ZL9;
				INFOPLIST_FILE = NativeAssessmentMobileTests/Info.plist;
				LD_RUNPATH_SEARCH_PATHS = (
					"$(inherited)",
					"@executable_path/Frameworks",
					"@loader_path/Frameworks",
				);
				PRODUCT_BUNDLE_IDENTIFIER = KAMAL.NativeAssessmentMobileTests;
				PRODUCT_NAME = "$(TARGET_NAME)";
				SWIFT_VERSION = 4.0;
				TARGETED_DEVICE_FAMILY = "1,2";
				TEST_HOST = "$(BUILT_PRODUCTS_DIR)/NativeAssessmentMobile.app/NativeAssessmentMobile";
			};
			name = Release;
		};
/* End XCBuildConfiguration section */

/* Begin XCConfigurationList section */
		E3F402CB21A6472A007D4DA9 /* Build configuration list for PBXProject "NativeAssessmentMobile" */ = {
			isa = XCConfigurationList;
			buildConfigurations = (
				E3F402EB21A64730007D4DA9 /* Debug */,
				E3F402EC21A64730007D4DA9 /* Release */,
			);
			defaultConfigurationIsVisible = 0;
			defaultConfigurationName = Release;
		};
		E3F402ED21A64730007D4DA9 /* Build configuration list for PBXNativeTarget "NativeAssessmentMobile" */ = {
			isa = XCConfigurationList;
			buildConfigurations = (
				E3F402EE21A64730007D4DA9 /* Debug */,
				E3F402EF21A64730007D4DA9 /* Release */,
			);
			defaultConfigurationIsVisible = 0;
			defaultConfigurationName = Release;
		};
		E3F402F021A64730007D4DA9 /* Build configuration list for PBXNativeTarget "NativeAssessmentMobileTests" */ = {
			isa = XCConfigurationList;
			buildConfigurations = (
				E3F402F121A64730007D4DA9 /* Debug */,
				E3F402F221A64730007D4DA9 /* Release */,
			);
			defaultConfigurationIsVisible = 0;
			defaultConfigurationName = Release;
		};
/* End XCConfigurationList section */
	};
	rootObject = E3F402C821A6472A007D4DA9 /* Project object */;
}
